PODS:
  - bio_secure (0.0.1):
    - Flutter
  - Flutter (1.0.0)
  - integration_test (0.0.1):
    - Flutter

DEPENDENCIES:
  - bio_secure (from `.symlinks/plugins/bio_secure/ios`)
  - Flutter (from `Flutter`)
  - integration_test (from `.symlinks/plugins/integration_test/ios`)

EXTERNAL SOURCES:
  bio_secure:
    :path: ".symlinks/plugins/bio_secure/ios"
  Flutter:
    :path: Flutter
  integration_test:
    :path: ".symlinks/plugins/integration_test/ios"

SPEC CHECKSUMS:
  bio_secure: 53ffcb50c3f7119e75e87b037e5d2866c489ffce
  Flutter: e0871f40cf51350855a761d2e70bf5af5b9b5de7
  integration_test: ce0a3ffa1de96d1a89ca0ac26fca7ea18a749ef4

PODFILE CHECKSUM: 1d526543e79f08f56cd4cdeb0fa0526971608d8c

COCOAPODS: 1.15.2
